
Microsoft Visual Studio Solution File, Format Version 12.00
# Visual Studio Version 16
VisualStudioVersion = 16.0.30128.74
MinimumVisualStudioVersion = 15.0.26124.0
Project("{9A19103F-16F7-4668-BE54-9A1E7A4F7556}") = "BookWorm", "src\BookWorm\BookWorm.csproj", "{D9EFC51E-6489-4045-9CCF-1B28D42B9056}"
EndProject
Project("{9A19103F-16F7-4668-BE54-9A1E7A4F7556}") = "Repository", "examples\Repository\Repository.csproj", "{A484A6D4-1D50-4146-9B1E-C02F377ABFC1}"
EndProject
Global
	GlobalSection(SolutionConfigurationPlatforms) = preSolution
		Debug|Any CPU = Debug|Any CPU
		Debug|x64 = Debug|x64
		Debug|x86 = Debug|x86
		Release|Any CPU = Release|Any CPU
		Release|x64 = Release|x64
		Release|x86 = Release|x86
	EndGlobalSection
	GlobalSection(ProjectConfigurationPlatforms) = postSolution
		{D9EFC51E-6489-4045-9CCF-1B28D42B9056}.Debug|Any CPU.ActiveCfg = Debug|Any CPU
		{D9EFC51E-6489-4045-9CCF-1B28D42B9056}.Debug|Any CPU.Build.0 = Debug|Any CPU
		{D9EFC51E-6489-4045-9CCF-1B28D42B9056}.Debug|x64.ActiveCfg = Debug|Any CPU
		{D9EFC51E-6489-4045-9CCF-1B28D42B9056}.Debug|x64.Build.0 = Debug|Any CPU
		{D9EFC51E-6489-4045-9CCF-1B28D42B9056}.Debug|x86.ActiveCfg = Debug|Any CPU
		{D9EFC51E-6489-4045-9CCF-1B28D42B9056}.Debug|x86.Build.0 = Debug|Any CPU
		{D9EFC51E-6489-4045-9CCF-1B28D42B9056}.Release|Any CPU.ActiveCfg = Release|Any CPU
		{D9EFC51E-6489-4045-9CCF-1B28D42B9056}.Release|Any CPU.Build.0 = Release|Any CPU
		{D9EFC51E-6489-4045-9CCF-1B28D42B9056}.Release|x64.ActiveCfg = Release|Any CPU
		{D9EFC51E-6489-4045-9CCF-1B28D42B9056}.Release|x64.Build.0 = Release|Any CPU
		{D9EFC51E-6489-4045-9CCF-1B28D42B9056}.Release|x86.ActiveCfg = Release|Any CPU
		{D9EFC51E-6489-4045-9CCF-1B28D42B9056}.Release|x86.Build.0 = Release|Any CPU
		{A484A6D4-1D50-4146-9B1E-C02F377ABFC1}.Debug|Any CPU.ActiveCfg = Debug|Any CPU
		{A484A6D4-1D50-4146-9B1E-C02F377ABFC1}.Debug|Any CPU.Build.0 = Debug|Any CPU
		{A484A6D4-1D50-4146-9B1E-C02F377ABFC1}.Debug|x64.ActiveCfg = Debug|Any CPU
		{A484A6D4-1D50-4146-9B1E-C02F377ABFC1}.Debug|x64.Build.0 = Debug|Any CPU
		{A484A6D4-1D50-4146-9B1E-C02F377ABFC1}.Debug|x86.ActiveCfg = Debug|Any CPU
		{A484A6D4-1D50-4146-9B1E-C02F377ABFC1}.Debug|x86.Build.0 = Debug|Any CPU
		{A484A6D4-1D50-4146-9B1E-C02F377ABFC1}.Release|Any CPU.ActiveCfg = Release|Any CPU
		{A484A6D4-1D50-4146-9B1E-C02F377ABFC1}.Release|Any CPU.Build.0 = Release|Any CPU
		{A484A6D4-1D50-4146-9B1E-C02F377ABFC1}.Release|x64.ActiveCfg = Release|Any CPU
		{A484A6D4-1D50-4146-9B1E-C02F377ABFC1}.Release|x64.Build.0 = Release|Any CPU
		{A484A6D4-1D50-4146-9B1E-C02F377ABFC1}.Release|x86.ActiveCfg = Release|Any CPU
		{A484A6D4-1D50-4146-9B1E-C02F377ABFC1}.Release|x86.Build.0 = Release|Any CPU
	EndGlobalSection
	GlobalSection(SolutionProperties) = preSolution
		HideSolutionNode = FALSE
	EndGlobalSection
	GlobalSection(ExtensibilityGlobals) = postSolution
		SolutionGuid = {D42FA9C2-6975-4461-93A4-ECACEA83A264}
	EndGlobalSection
EndGlobal
